
Microsoft Visual Studio Solution File, Format Version 12.00
# Visual Studio Version 17
VisualStudioVersion = 17.2.32616.157
MinimumVisualStudioVersion = 10.0.40219.1
Project("{FAE04EC0-301F-11D3-BF4B-00C04F79EFBC}") = "Registration_Program", "Registration_Program\Registration_Program.csproj", "{674EB5B9-91AC-40CC-8689-91F5143CBF60}"
EndProject
Global
	GlobalSection(SolutionConfigurationPlatforms) = preSolution
		Debug|Any CPU = Debug|Any CPU
		Release|Any CPU = Release|Any CPU
	EndGlobalSection
	GlobalSection(ProjectConfigurationPlatforms) = postSolution
		{674EB5B9-91AC-40CC-8689-91F5143CBF60}.Debug|Any CPU.ActiveCfg = Debug|Any CPU
		{674EB5B9-91AC-40CC-8689-91F5143CBF60}.Debug|Any CPU.Build.0 = Debug|Any CPU
		{674EB5B9-91AC-40CC-8689-91F5143CBF60}.Release|Any CPU.ActiveCfg = Release|Any CPU
		{674EB5B9-91AC-40CC-8689-91F5143CBF60}.Release|Any CPU.Build.0 = Release|Any CPU
	EndGlobalSection
	GlobalSection(SolutionProperties) = preSolution
		HideSolutionNode = FALSE
	EndGlobalSection
	GlobalSection(ExtensibilityGlobals) = postSolution
		SolutionGuid = {FB6ACFA8-2C89-4A62-B6E6-FED0769F2296}
	EndGlobalSection
EndGlobal
